
Microsoft Visual Studio Solution File, Format Version 12.00
# Visual Studio Version 17
VisualStudioVersion = 17.8.34330.188
MinimumVisualStudioVersion = 10.0.40219.1
Project("{8BC9CEB8-8B4A-11D0-8D11-00A0C91BC942}") = "Task1", "Task1\Task1.vcxproj", "{666D23F7-B8F4-4CAB-8E00-CE5604D91868}"
EndProject
Project("{8BC9CEB8-8B4A-11D0-8D11-00A0C91BC942}") = "Task1-solution", "Task1-solution\Task1-solution.vcxproj", "{8E837DBE-9473-4331-B87D-4EE2E0FD8B59}"
EndProject
Project("{8BC9CEB8-8B4A-11D0-8D11-00A0C91BC942}") = "Task2", "Task2\Task2.vcxproj", "{FA253E5F-1173-4A69-ABF5-6C0197232EAA}"
EndProject
Project("{8BC9CEB8-8B4A-11D0-8D11-00A0C91BC942}") = "Task2-solution", "Task2-solution\Task2-solution.vcxproj", "{7D6E8F47-718A-459C-8DAA-E05A1D050143}"
EndProject
Project("{8BC9CEB8-8B4A-11D0-8D11-00A0C91BC942}") = "Task3", "Task3\Task3.vcxproj", "{DDE1275B-36B0-4378-B4DD-E634DC43C7FA}"
EndProject
Project("{8BC9CEB8-8B4A-11D0-8D11-00A0C91BC942}") = "Task3-solution", "Task3-solution\Task3-solution.vcxproj", "{3B01C6D4-B183-474C-A6F7-B02BB5412186}"
EndProject
Project("{8BC9CEB8-8B4A-11D0-8D11-00A0C91BC942}") = "Task4", "Task4\Task4.vcxproj", "{8EEB4A6F-959D-4845-BEF5-F3DF30A5F1AC}"
EndProject
Project("{8BC9CEB8-8B4A-11D0-8D11-00A0C91BC942}") = "Task4-solution", "Task4-solution\Task4-solution.vcxproj", "{F3BC53B6-5B7B-4CE7-90C5-079D85705CC6}"
EndProject
Project("{8BC9CEB8-8B4A-11D0-8D11-00A0C91BC942}") = "Task5", "Task5\Task5.vcxproj", "{BE225856-44AC-4E82-BA3B-55FB1723CEF5}"
EndProject
Project("{8BC9CEB8-8B4A-11D0-8D11-00A0C91BC942}") = "Task5-solution", "Task5-solution\Task5-solution.vcxproj", "{ACD646C3-CC74-4343-AE4F-668DC63D5B7C}"
EndProject
Project("{8BC9CEB8-8B4A-11D0-8D11-00A0C91BC942}") = "Task6", "Task6\Task6.vcxproj", "{E73E2C8F-A441-442C-BFA1-8E32B0D79EE4}"
EndProject
Project("{8BC9CEB8-8B4A-11D0-8D11-00A0C91BC942}") = "Task6-solution", "Task6-solution\Task6-solution.vcxproj", "{15C551FF-2FD2-4E48-9538-AED8BDB14217}"
EndProject
Project("{8BC9CEB8-8B4A-11D0-8D11-00A0C91BC942}") = "Task7", "Task7\Task7.vcxproj", "{91497972-8916-4E86-A24A-4245B810FAB6}"
EndProject
Project("{8BC9CEB8-8B4A-11D0-8D11-00A0C91BC942}") = "Task7-solution", "Task7-solution\Task7-solution.vcxproj", "{8BC9220B-3822-4714-937C-34706C97AB99}"
EndProject
Global
	GlobalSection(SolutionConfigurationPlatforms) = preSolution
		Debug|x64 = Debug|x64
		Debug|x86 = Debug|x86
		Release|x64 = Release|x64
		Release|x86 = Release|x86
	EndGlobalSection
	GlobalSection(ProjectConfigurationPlatforms) = postSolution
		{666D23F7-B8F4-4CAB-8E00-CE5604D91868}.Debug|x64.ActiveCfg = Debug|x64
		{666D23F7-B8F4-4CAB-8E00-CE5604D91868}.Debug|x64.Build.0 = Debug|x64
		{666D23F7-B8F4-4CAB-8E00-CE5604D91868}.Debug|x86.ActiveCfg = Debug|Win32
		{666D23F7-B8F4-4CAB-8E00-CE5604D91868}.Debug|x86.Build.0 = Debug|Win32
		{666D23F7-B8F4-4CAB-8E00-CE5604D91868}.Release|x64.ActiveCfg = Release|x64
		{666D23F7-B8F4-4CAB-8E00-CE5604D91868}.Release|x64.Build.0 = Release|x64
		{666D23F7-B8F4-4CAB-8E00-CE5604D91868}.Release|x86.ActiveCfg = Release|Win32
		{666D23F7-B8F4-4CAB-8E00-CE5604D91868}.Release|x86.Build.0 = Release|Win32
		{8E837DBE-9473-4331-B87D-4EE2E0FD8B59}.Debug|x64.ActiveCfg = Debug|x64
		{8E837DBE-9473-4331-B87D-4EE2E0FD8B59}.Debug|x64.Build.0 = Debug|x64
		{8E837DBE-9473-4331-B87D-4EE2E0FD8B59}.Debug|x86.ActiveCfg = Debug|Win32
		{8E837DBE-9473-4331-B87D-4EE2E0FD8B59}.Debug|x86.Build.0 = Debug|Win32
		{8E837DBE-9473-4331-B87D-4EE2E0FD8B59}.Release|x64.ActiveCfg = Release|x64
		{8E837DBE-9473-4331-B87D-4EE2E0FD8B59}.Release|x64.Build.0 = Release|x64
		{8E837DBE-9473-4331-B87D-4EE2E0FD8B59}.Release|x86.ActiveCfg = Release|Win32
		{8E837DBE-9473-4331-B87D-4EE2E0FD8B59}.Release|x86.Build.0 = Release|Win32
		{FA253E5F-1173-4A69-ABF5-6C0197232EAA}.Debug|x64.ActiveCfg = Debug|x64
		{FA253E5F-1173-4A69-ABF5-6C0197232EAA}.Debug|x64.Build.0 = Debug|x64
		{FA253E5F-1173-4A69-ABF5-6C0197232EAA}.Debug|x86.ActiveCfg = Debug|Win32
		{FA253E5F-1173-4A69-ABF5-6C0197232EAA}.Debug|x86.Build.0 = Debug|Win32
		{FA253E5F-1173-4A69-ABF5-6C0197232EAA}.Release|x64.ActiveCfg = Release|x64
		{FA253E5F-1173-4A69-ABF5-6C0197232EAA}.Release|x64.Build.0 = Release|x64
		{FA253E5F-1173-4A69-ABF5-6C0197232EAA}.Release|x86.ActiveCfg = Release|Win32
		{FA253E5F-1173-4A69-ABF5-6C0197232EAA}.Release|x86.Build.0 = Release|Win32
		{7D6E8F47-718A-459C-8DAA-E05A1D050143}.Debug|x64.ActiveCfg = Debug|x64
		{7D6E8F47-718A-459C-8DAA-E05A1D050143}.Debug|x64.Build.0 = Debug|x64
		{7D6E8F47-718A-459C-8DAA-E05A1D050143}.Debug|x86.ActiveCfg = Debug|Win32
		{7D6E8F47-718A-459C-8DAA-E05A1D050143}.Debug|x86.Build.0 = Debug|Win32
		{7D6E8F47-718A-459C-8DAA-E05A1D050143}.Release|x64.ActiveCfg = Release|x64
		{7D6E8F47-718A-459C-8DAA-E05A1D050143}.Release|x64.Build.0 = Release|x64
		{7D6E8F47-718A-459C-8DAA-E05A1D050143}.Release|x86.ActiveCfg = Release|Win32
		{7D6E8F47-718A-459C-8DAA-E05A1D050143}.Release|x86.Build.0 = Release|Win32
		{DDE1275B-36B0-4378-B4DD-E634DC43C7FA}.Debug|x64.ActiveCfg = Debug|x64
		{DDE1275B-36B0-4378-B4DD-E634DC43C7FA}.Debug|x64.Build.0 = Debug|x64
		{DDE1275B-36B0-4378-B4DD-E634DC43C7FA}.Debug|x86.ActiveCfg = Debug|Win32
		{DDE1275B-36B0-4378-B4DD-E634DC43C7FA}.Debug|x86.Build.0 = Debug|Win32
		{DDE1275B-36B0-4378-B4DD-E634DC43C7FA}.Release|x64.ActiveCfg = Release|x64
		{DDE1275B-36B0-4378-B4DD-E634DC43C7FA}.Release|x64.Build.0 = Release|x64
		{DDE1275B-36B0-4378-B4DD-E634DC43C7FA}.Release|x86.ActiveCfg = Release|Win32
		{DDE1275B-36B0-4378-B4DD-E634DC43C7FA}.Release|x86.Build.0 = Release|Win32
		{3B01C6D4-B183-474C-A6F7-B02BB5412186}.Debug|x64.ActiveCfg = Debug|x64
		{3B01C6D4-B183-474C-A6F7-B02BB5412186}.Debug|x64.Build.0 = Debug|x64
		{3B01C6D4-B183-474C-A6F7-B02BB5412186}.Debug|x86.ActiveCfg = Debug|Win32
		{3B01C6D4-B183-474C-A6F7-B02BB5412186}.Debug|x86.Build.0 = Debug|Win32
		{3B01C6D4-B183-474C-A6F7-B02BB5412186}.Release|x64.ActiveCfg = Release|x64
		{3B01C6D4-B183-474C-A6F7-B02BB5412186}.Release|x64.Build.0 = Release|x64
		{3B01C6D4-B183-474C-A6F7-B02BB5412186}.Release|x86.ActiveCfg = Release|Win32
		{3B01C6D4-B183-474C-A6F7-B02BB5412186}.Release|x86.Build.0 = Release|Win32
		{8EEB4A6F-959D-4845-BEF5-F3DF30A5F1AC}.Debug|x64.ActiveCfg = Debug|x64
		{8EEB4A6F-959D-4845-BEF5-F3DF30A5F1AC}.Debug|x64.Build.0 = Debug|x64
		{8EEB4A6F-959D-4845-BEF5-F3DF30A5F1AC}.Debug|x86.ActiveCfg = Debug|Win32
		{8EEB4A6F-959D-4845-BEF5-F3DF30A5F1AC}.Debug|x86.Build.0 = Debug|Win32
		{8EEB4A6F-959D-4845-BEF5-F3DF30A5F1AC}.Release|x64.ActiveCfg = Release|x64
		{8EEB4A6F-959D-4845-BEF5-F3DF30A5F1AC}.Release|x64.Build.0 = Release|x64
		{8EEB4A6F-959D-4845-BEF5-F3DF30A5F1AC}.Release|x86.ActiveCfg = Release|Win32
		{8EEB4A6F-959D-4845-BEF5-F3DF30A5F1AC}.Release|x86.Build.0 = Release|Win32
		{F3BC53B6-5B7B-4CE7-90C5-079D85705CC6}.Debug|x64.ActiveCfg = Debug|x64
		{F3BC53B6-5B7B-4CE7-90C5-079D85705CC6}.Debug|x64.Build.0 = Debug|x64
		{F3BC53B6-5B7B-4CE7-90C5-079D85705CC6}.Debug|x86.ActiveCfg = Debug|Win32
		{F3BC53B6-5B7B-4CE7-90C5-079D85705CC6}.Debug|x86.Build.0 = Debug|Win32
		{F3BC53B6-5B7B-4CE7-90C5-079D85705CC6}.Release|x64.ActiveCfg = Release|x64
		{F3BC53B6-5B7B-4CE7-90C5-079D85705CC6}.Release|x64.Build.0 = Release|x64
		{F3BC53B6-5B7B-4CE7-90C5-079D85705CC6}.Release|x86.ActiveCfg = Release|Win32
		{F3BC53B6-5B7B-4CE7-90C5-079D85705CC6}.Release|x86.Build.0 = Release|Win32
		{BE225856-44AC-4E82-BA3B-55FB1723CEF5}.Debug|x64.ActiveCfg = Debug|x64
		{BE225856-44AC-4E82-BA3B-55FB1723CEF5}.Debug|x64.Build.0 = Debug|x64
		{BE225856-44AC-4E82-BA3B-55FB1723CEF5}.Debug|x86.ActiveCfg = Debug|Win32
		{BE225856-44AC-4E82-BA3B-55FB1723CEF5}.Debug|x86.Build.0 = Debug|Win32
		{BE225856-44AC-4E82-BA3B-55FB1723CEF5}.Release|x64.ActiveCfg = Release|x64
		{BE225856-44AC-4E82-BA3B-55FB1723CEF5}.Release|x64.Build.0 = Release|x64
		{BE225856-44AC-4E82-BA3B-55FB1723CEF5}.Release|x86.ActiveCfg = Release|Win32
		{BE225856-44AC-4E82-BA3B-55FB1723CEF5}.Release|x86.Build.0 = Release|Win32
		{ACD646C3-CC74-4343-AE4F-668DC63D5B7C}.Debug|x64.ActiveCfg = Debug|x64
		{ACD646C3-CC74-4343-AE4F-668DC63D5B7C}.Debug|x64.Build.0 = Debug|x64
		{ACD646C3-CC74-4343-AE4F-668DC63D5B7C}.Debug|x86.ActiveCfg = Debug|Win32
		{ACD646C3-CC74-4343-AE4F-668DC63D5B7C}.Debug|x86.Build.0 = Debug|Win32
		{ACD646C3-CC74-4343-AE4F-668DC63D5B7C}.Release|x64.ActiveCfg = Release|x64
		{ACD646C3-CC74-4343-AE4F-668DC63D5B7C}.Release|x64.Build.0 = Release|x64
		{ACD646C3-CC74-4343-AE4F-668DC63D5B7C}.Release|x86.ActiveCfg = Release|Win32
		{ACD646C3-CC74-4343-AE4F-668DC63D5B7C}.Release|x86.Build.0 = Release|Win32
		{E73E2C8F-A441-442C-BFA1-8E32B0D79EE4}.Debug|x64.ActiveCfg = Debug|x64
		{E73E2C8F-A441-442C-BFA1-8E32B0D79EE4}.Debug|x64.Build.0 = Debug|x64
		{E73E2C8F-A441-442C-BFA1-8E32B0D79EE4}.Debug|x86.ActiveCfg = Debug|Win32
		{E73E2C8F-A441-442C-BFA1-8E32B0D79EE4}.Debug|x86.Build.0 = Debug|Win32
		{E73E2C8F-A441-442C-BFA1-8E32B0D79EE4}.Release|x64.ActiveCfg = Release|x64
		{E73E2C8F-A441-442C-BFA1-8E32B0D79EE4}.Release|x64.Build.0 = Release|x64
		{E73E2C8F-A441-442C-BFA1-8E32B0D79EE4}.Release|x86.ActiveCfg = Release|Win32
		{E73E2C8F-A441-442C-BFA1-8E32B0D79EE4}.Release|x86.Build.0 = Release|Win32
		{15C551FF-2FD2-4E48-9538-AED8BDB14217}.Debug|x64.ActiveCfg = Debug|x64
		{15C551FF-2FD2-4E48-9538-AED8BDB14217}.Debug|x64.Build.0 = Debug|x64
		{15C551FF-2FD2-4E48-9538-AED8BDB14217}.Debug|x86.ActiveCfg = Debug|Win32
		{15C551FF-2FD2-4E48-9538-AED8BDB14217}.Debug|x86.Build.0 = Debug|Win32
		{15C551FF-2FD2-4E48-9538-AED8BDB14217}.Release|x64.ActiveCfg = Release|x64
		{15C551FF-2FD2-4E48-9538-AED8BDB14217}.Release|x64.Build.0 = Release|x64
		{15C551FF-2FD2-4E48-9538-AED8BDB14217}.Release|x86.ActiveCfg = Release|Win32
		{15C551FF-2FD2-4E48-9538-AED8BDB14217}.Release|x86.Build.0 = Release|Win32
		{91497972-8916-4E86-A24A-4245B810FAB6}.Debug|x64.ActiveCfg = Debug|x64
		{91497972-8916-4E86-A24A-4245B810FAB6}.Debug|x64.Build.0 = Debug|x64
		{91497972-8916-4E86-A24A-4245B810FAB6}.Debug|x86.ActiveCfg = Debug|Win32
		{91497972-8916-4E86-A24A-4245B810FAB6}.Debug|x86.Build.0 = Debug|Win32
		{91497972-8916-4E86-A24A-4245B810FAB6}.Release|x64.ActiveCfg = Release|x64
		{91497972-8916-4E86-A24A-4245B810FAB6}.Release|x64.Build.0 = Release|x64
		{91497972-8916-4E86-A24A-4245B810FAB6}.Release|x86.ActiveCfg = Release|Win32
		{91497972-8916-4E86-A24A-4245B810FAB6}.Release|x86.Build.0 = Release|Win32
		{8BC9220B-3822-4714-937C-34706C97AB99}.Debug|x64.ActiveCfg = Debug|x64
		{8BC9220B-3822-4714-937C-34706C97AB99}.Debug|x64.Build.0 = Debug|x64
		{8BC9220B-3822-4714-937C-34706C97AB99}.Debug|x86.ActiveCfg = Debug|Win32
		{8BC9220B-3822-4714-937C-34706C97AB99}.Debug|x86.Build.0 = Debug|Win32
		{8BC9220B-3822-4714-937C-34706C97AB99}.Release|x64.ActiveCfg = Release|x64
		{8BC9220B-3822-4714-937C-34706C97AB99}.Release|x64.Build.0 = Release|x64
		{8BC9220B-3822-4714-937C-34706C97AB99}.Release|x86.ActiveCfg = Release|Win32
		{8BC9220B-3822-4714-937C-34706C97AB99}.Release|x86.Build.0 = Release|Win32
	EndGlobalSection
	GlobalSection(SolutionProperties) = preSolution
		HideSolutionNode = FALSE
	EndGlobalSection
	GlobalSection(ExtensibilityGlobals) = postSolution
		SolutionGuid = {731CC876-5A6A-41DE-8631-02E1DCAEB15D}
	EndGlobalSection
EndGlobal
